
Microsoft Visual Studio Solution File, Format Version 12.00
# Visual Studio 15
VisualStudioVersion = 15.0.28307.1062
MinimumVisualStudioVersion = 10.0.40219.1
Project("{FAE04EC0-301F-11D3-BF4B-00C04F79EFBC}") = "poc-cryptography", "poc-cryptography\poc-cryptography.csproj", "{05226413-E14C-4CCF-BCCA-8F18E6BFEFAD}"
EndProject
Global
	GlobalSection(SolutionConfigurationPlatforms) = preSolution
		Debug|Any CPU = Debug|Any CPU
		Release|Any CPU = Release|Any CPU
	EndGlobalSection
	GlobalSection(ProjectConfigurationPlatforms) = postSolution
		{05226413-E14C-4CCF-BCCA-8F18E6BFEFAD}.Debug|Any CPU.ActiveCfg = Debug|Any CPU
		{05226413-E14C-4CCF-BCCA-8F18E6BFEFAD}.Debug|Any CPU.Build.0 = Debug|Any CPU
		{05226413-E14C-4CCF-BCCA-8F18E6BFEFAD}.Release|Any CPU.ActiveCfg = Release|Any CPU
		{05226413-E14C-4CCF-BCCA-8F18E6BFEFAD}.Release|Any CPU.Build.0 = Release|Any CPU
	EndGlobalSection
	GlobalSection(SolutionProperties) = preSolution
		HideSolutionNode = FALSE
	EndGlobalSection
	GlobalSection(ExtensibilityGlobals) = postSolution
		SolutionGuid = {97AF1F9A-1445-495F-82EB-9EEAE74041FB}
	EndGlobalSection
EndGlobal
